
Microsoft Visual Studio Solution File, Format Version 12.00
# Visual Studio Version 16
VisualStudioVersion = 16.0.30516.212
MinimumVisualStudioVersion = 10.0.40219.1
Project("{9A19103F-16F7-4668-BE54-9A1E7A4F7556}") = "Decoder", "Decoder\Decoder.csproj", "{B14E029F-427E-4F16-AD43-FB8A43ED133E}"
EndProject
Project("{9A19103F-16F7-4668-BE54-9A1E7A4F7556}") = "Encoder", "Encoder\Encoder.csproj", "{6ADA4EB7-0415-457B-BE29-E9A518BB3D94}"
EndProject
Project("{9A19103F-16F7-4668-BE54-9A1E7A4F7556}") = "OldDecoder", "OldDecoder\OldDecoder.csproj", "{957900E6-42B8-4E01-BDCB-051ABAEC9776}"
EndProject
Project("{2150E333-8FDC-42A3-9474-1A3956D46DE8}") = "Solution Items", "Solution Items", "{0BDD871C-CE65-419E-B4AD-5FDF5854EC73}"
	ProjectSection(SolutionItems) = preProject
		.editorconfig = .editorconfig
	EndProjectSection
EndProject
Project("{9A19103F-16F7-4668-BE54-9A1E7A4F7556}") = "WorkShop", "WorkShop\WorkShop.csproj", "{675EED13-C927-453F-9BCB-E4F99A1E0FFD}"
EndProject
Global
	GlobalSection(SolutionConfigurationPlatforms) = preSolution
		Debug|Any CPU = Debug|Any CPU
		Release|Any CPU = Release|Any CPU
	EndGlobalSection
	GlobalSection(ProjectConfigurationPlatforms) = postSolution
		{B14E029F-427E-4F16-AD43-FB8A43ED133E}.Debug|Any CPU.ActiveCfg = Debug|Any CPU
		{B14E029F-427E-4F16-AD43-FB8A43ED133E}.Debug|Any CPU.Build.0 = Debug|Any CPU
		{B14E029F-427E-4F16-AD43-FB8A43ED133E}.Release|Any CPU.ActiveCfg = Release|Any CPU
		{B14E029F-427E-4F16-AD43-FB8A43ED133E}.Release|Any CPU.Build.0 = Release|Any CPU
		{6ADA4EB7-0415-457B-BE29-E9A518BB3D94}.Debug|Any CPU.ActiveCfg = Debug|Any CPU
		{6ADA4EB7-0415-457B-BE29-E9A518BB3D94}.Debug|Any CPU.Build.0 = Debug|Any CPU
		{6ADA4EB7-0415-457B-BE29-E9A518BB3D94}.Release|Any CPU.ActiveCfg = Release|Any CPU
		{6ADA4EB7-0415-457B-BE29-E9A518BB3D94}.Release|Any CPU.Build.0 = Release|Any CPU
		{957900E6-42B8-4E01-BDCB-051ABAEC9776}.Debug|Any CPU.ActiveCfg = Debug|Any CPU
		{957900E6-42B8-4E01-BDCB-051ABAEC9776}.Debug|Any CPU.Build.0 = Debug|Any CPU
		{957900E6-42B8-4E01-BDCB-051ABAEC9776}.Release|Any CPU.ActiveCfg = Release|Any CPU
		{957900E6-42B8-4E01-BDCB-051ABAEC9776}.Release|Any CPU.Build.0 = Release|Any CPU
		{675EED13-C927-453F-9BCB-E4F99A1E0FFD}.Debug|Any CPU.ActiveCfg = Debug|Any CPU
		{675EED13-C927-453F-9BCB-E4F99A1E0FFD}.Debug|Any CPU.Build.0 = Debug|Any CPU
		{675EED13-C927-453F-9BCB-E4F99A1E0FFD}.Release|Any CPU.ActiveCfg = Release|Any CPU
		{675EED13-C927-453F-9BCB-E4F99A1E0FFD}.Release|Any CPU.Build.0 = Release|Any CPU
	EndGlobalSection
	GlobalSection(SolutionProperties) = preSolution
		HideSolutionNode = FALSE
	EndGlobalSection
	GlobalSection(ExtensibilityGlobals) = postSolution
		SolutionGuid = {FE9AE0CC-8E33-49A4-91B2-9F0CCA30EFE6}
	EndGlobalSection
EndGlobal
